// !$*UTF8*$!
{
	archiveVersion = 1;
	classes = {
	};
	objectVersion = 46;
	objects = {

/* Begin PBXBuildFile section */
		21B2ADF61EF4189700CD80A4 /* main.m in Sources */ = {isa = PBXBuildFile; fileRef = 21B2ADF51EF4189700CD80A4 /* main.m */; };
		21B2ADF91EF4189700CD80A4 /* AppDelegate.m in Sources */ = {isa = PBXBuildFile; fileRef = 21B2ADF81EF4189700CD80A4 /* AppDelegate.m */; };
		21B2ADFC1EF4189700CD80A4 /* ViewController.m in Sources */ = {isa = PBXBuildFile; fileRef = 21B2ADFB1EF4189700CD80A4 /* ViewController.m */; };
		21B2ADFF1EF4189700CD80A4 /* Main.storyboard in Resources */ = {isa = PBXBuildFile; fileRef = 21B2ADFD1EF4189700CD80A4 /* Main.storyboard */; };
		21B2AE011EF4189700CD80A4 /* Assets.xcassets in Resources */ = {isa = PBXBuildFile; fileRef = 21B2AE001EF4189700CD80A4 /* Assets.xcassets */; };
		21B2AE041EF4189700CD80A4 /* LaunchScreen.storyboard in Resources */ = {isa = PBXBuildFile; fileRef = 21B2AE021EF4189700CD80A4 /* LaunchScreen.storyboard */; };
		21B2AE2E1EF4193C00CD80A4 /* camera.xcassets in Resources */ = {isa = PBXBuildFile; fileRef = 21B2AE0D1EF4193C00CD80A4 /* camera.xcassets */; };
		21B2AE2F1EF4193C00CD80A4 /* AVCaptureDevice+Configure.m in Sources */ = {isa = PBXBuildFile; fileRef = 21B2AE171EF4193C00CD80A4 /* AVCaptureDevice+Configure.m */; };
		21B2AE301EF4193C00CD80A4 /* AVCaptureSession+Configure.m in Sources */ = {isa = PBXBuildFile; fileRef = 21B2AE191EF4193C00CD80A4 /* AVCaptureSession+Configure.m */; };
		21B2AE311EF4193C00CD80A4 /* RunsCameraManager.m in Sources */ = {isa = PBXBuildFile; fileRef = 21B2AE1B1EF4193C00CD80A4 /* RunsCameraManager.m */; };
		21B2AE321EF4193C00CD80A4 /* UIImage+Configure.m in Sources */ = {isa = PBXBuildFile; fileRef = 21B2AE1D1EF4193C00CD80A4 /* UIImage+Configure.m */; };
		21B2AE331EF4193C00CD80A4 /* ZFProgressView.m in Sources */ = {isa = PBXBuildFile; fileRef = 21B2AE1F1EF4193C00CD80A4 /* ZFProgressView.m */; };
		21B2AE341EF4193C00CD80A4 /* RunsCameraViewController.m in Sources */ = {isa = PBXBuildFile; fileRef = 21B2AE221EF4193C00CD80A4 /* RunsCameraViewController.m */; };
		21B2AE351EF4193C00CD80A4 /* RunsPreviewViewController.m in Sources */ = {isa = PBXBuildFile; fileRef = 21B2AE241EF4193C00CD80A4 /* RunsPreviewViewController.m */; };
		21B2AE361EF4193C00CD80A4 /* RunsCameraPreviewView.m in Sources */ = {isa = PBXBuildFile; fileRef = 21B2AE271EF4193C00CD80A4 /* RunsCameraPreviewView.m */; };
		21B2AE371EF4193C00CD80A4 /* RunsCameraView.m in Sources */ = {isa = PBXBuildFile; fileRef = 21B2AE291EF4193C00CD80A4 /* RunsCameraView.m */; };
		21B2AE381EF4193C00CD80A4 /* RunsCircleButtonView.m in Sources */ = {isa = PBXBuildFile; fileRef = 21B2AE2B1EF4193C00CD80A4 /* RunsCircleButtonView.m */; };
		21B2AE391EF4193C00CD80A4 /* RunsExpandButton.m in Sources */ = {isa = PBXBuildFile; fileRef = 21B2AE2D1EF4193C00CD80A4 /* RunsExpandButton.m */; };
		21B2AE3C1EF41B6C00CD80A4 /* UIView+Toast.m in Sources */ = {isa = PBXBuildFile; fileRef = 21B2AE3B1EF41B6B00CD80A4 /* UIView+Toast.m */; };
/* End PBXBuildFile section */

/* Begin PBXFileReference section */
		21B2ADF11EF4189700CD80A4 /* Camera.app */ = {isa = PBXFileReference; explicitFileType = wrapper.application; includeInIndex = 0; path = Camera.app; sourceTree = BUILT_PRODUCTS_DIR; };
		21B2ADF51EF4189700CD80A4 /* main.m */ = {isa = PBXFileReference; lastKnownFileType = sourcecode.c.objc; path = main.m; sourceTree = "<group>"; };
		21B2ADF71EF4189700CD80A4 /* AppDelegate.h */ = {isa = PBXFileReference; lastKnownFileType = sourcecode.c.h; path = AppDelegate.h; sourceTree = "<group>"; };
		21B2ADF81EF4189700CD80A4 /* AppDelegate.m */ = {isa = PBXFileReference; lastKnownFileType = sourcecode.c.objc; path = AppDelegate.m; sourceTree = "<group>"; };
		21B2ADFA1EF4189700CD80A4 /* ViewController.h */ = {isa = PBXFileReference; lastKnownFileType = sourcecode.c.h; path = ViewController.h; sourceTree = "<group>"; };
		21B2ADFB1EF4189700CD80A4 /* ViewController.m */ = {isa = PBXFileReference; lastKnownFileType = sourcecode.c.objc; path = ViewController.m; sourceTree = "<group>"; };
		21B2ADFE1EF4189700CD80A4 /* Base */ = {isa = PBXFileReference; lastKnownFileType = file.storyboard; name = Base; path = Base.lproj/Main.storyboard; sourceTree = "<group>"; };
		21B2AE001EF4189700CD80A4 /* Assets.xcassets */ = {isa = PBXFileReference; lastKnownFileType = folder.assetcatalog; path = Assets.xcassets; sourceTree = "<group>"; };
		21B2AE031EF4189700CD80A4 /* Base */ = {isa = PBXFileReference; lastKnownFileType = file.storyboard; name = Base; path = Base.lproj/LaunchScreen.storyboard; sourceTree = "<group>"; };
		21B2AE051EF4189700CD80A4 /* Info.plist */ = {isa = PBXFileReference; lastKnownFileType = text.plist.xml; path = Info.plist; sourceTree = "<group>"; };
		21B2AE0D1EF4193C00CD80A4 /* camera.xcassets */ = {isa = PBXFileReference; lastKnownFileType = folder.assetcatalog; path = camera.xcassets; sourceTree = "<group>"; };
		21B2AE0F1EF4193C00CD80A4 /* RunsCameraControllerDelegate.h */ = {isa = PBXFileReference; fileEncoding = 4; lastKnownFileType = sourcecode.c.h; path = RunsCameraControllerDelegate.h; sourceTree = "<group>"; };
		21B2AE101EF4193C00CD80A4 /* RunsCameraPreviewViewDelegate.h */ = {isa = PBXFileReference; fileEncoding = 4; lastKnownFileType = sourcecode.c.h; path = RunsCameraPreviewViewDelegate.h; sourceTree = "<group>"; };
		21B2AE111EF4193C00CD80A4 /* RunsCameraPreviewViewProtocol.h */ = {isa = PBXFileReference; fileEncoding = 4; lastKnownFileType = sourcecode.c.h; path = RunsCameraPreviewViewProtocol.h; sourceTree = "<group>"; };
		21B2AE121EF4193C00CD80A4 /* RunsCameraViewDelegate.h */ = {isa = PBXFileReference; fileEncoding = 4; lastKnownFileType = sourcecode.c.h; path = RunsCameraViewDelegate.h; sourceTree = "<group>"; };
		21B2AE131EF4193C00CD80A4 /* RunsCircleButtonViewDelegate.h */ = {isa = PBXFileReference; fileEncoding = 4; lastKnownFileType = sourcecode.c.h; path = RunsCircleButtonViewDelegate.h; sourceTree = "<group>"; };
		21B2AE141EF4193C00CD80A4 /* RunsCameraKit.h */ = {isa = PBXFileReference; fileEncoding = 4; lastKnownFileType = sourcecode.c.h; path = RunsCameraKit.h; sourceTree = "<group>"; };
		21B2AE161EF4193C00CD80A4 /* AVCaptureDevice+Configure.h */ = {isa = PBXFileReference; fileEncoding = 4; lastKnownFileType = sourcecode.c.h; path = "AVCaptureDevice+Configure.h"; sourceTree = "<group>"; };
		21B2AE171EF4193C00CD80A4 /* AVCaptureDevice+Configure.m */ = {isa = PBXFileReference; fileEncoding = 4; lastKnownFileType = sourcecode.c.objc; path = "AVCaptureDevice+Configure.m"; sourceTree = "<group>"; };
		21B2AE181EF4193C00CD80A4 /* AVCaptureSession+Configure.h */ = {isa = PBXFileReference; fileEncoding = 4; lastKnownFileType = sourcecode.c.h; path = "AVCaptureSession+Configure.h"; sourceTree = "<group>"; };
		21B2AE191EF4193C00CD80A4 /* AVCaptureSession+Configure.m */ = {isa = PBXFileReference; fileEncoding = 4; lastKnownFileType = sourcecode.c.objc; path = "AVCaptureSession+Configure.m"; sourceTree = "<group>"; };
		21B2AE1A1EF4193C00CD80A4 /* RunsCameraManager.h */ = {isa = PBXFileReference; fileEncoding = 4; lastKnownFileType = sourcecode.c.h; path = RunsCameraManager.h; sourceTree = "<group>"; };
		21B2AE1B1EF4193C00CD80A4 /* RunsCameraManager.m */ = {isa = PBXFileReference; fileEncoding = 4; lastKnownFileType = sourcecode.c.objc; path = RunsCameraManager.m; sourceTree = "<group>"; };
		21B2AE1C1EF4193C00CD80A4 /* UIImage+Configure.h */ = {isa = PBXFileReference; fileEncoding = 4; lastKnownFileType = sourcecode.c.h; path = "UIImage+Configure.h"; sourceTree = "<group>"; };
		21B2AE1D1EF4193C00CD80A4 /* UIImage+Configure.m */ = {isa = PBXFileReference; fileEncoding = 4; lastKnownFileType = sourcecode.c.objc; path = "UIImage+Configure.m"; sourceTree = "<group>"; };
		21B2AE1E1EF4193C00CD80A4 /* ZFProgressView.h */ = {isa = PBXFileReference; fileEncoding = 4; lastKnownFileType = sourcecode.c.h; path = ZFProgressView.h; sourceTree = "<group>"; };
		21B2AE1F1EF4193C00CD80A4 /* ZFProgressView.m */ = {isa = PBXFileReference; fileEncoding = 4; lastKnownFileType = sourcecode.c.objc; path = ZFProgressView.m; sourceTree = "<group>"; };
		21B2AE211EF4193C00CD80A4 /* RunsCameraViewController.h */ = {isa = PBXFileReference; fileEncoding = 4; lastKnownFileType = sourcecode.c.h; path = RunsCameraViewController.h; sourceTree = "<group>"; };
		21B2AE221EF4193C00CD80A4 /* RunsCameraViewController.m */ = {isa = PBXFileReference; fileEncoding = 4; lastKnownFileType = sourcecode.c.objc; path = RunsCameraViewController.m; sourceTree = "<group>"; };
		21B2AE231EF4193C00CD80A4 /* RunsPreviewViewController.h */ = {isa = PBXFileReference; fileEncoding = 4; lastKnownFileType = sourcecode.c.h; path = RunsPreviewViewController.h; sourceTree = "<group>"; };
		21B2AE241EF4193C00CD80A4 /* RunsPreviewViewController.m */ = {isa = PBXFileReference; fileEncoding = 4; lastKnownFileType = sourcecode.c.objc; path = RunsPreviewViewController.m; sourceTree = "<group>"; };
		21B2AE261EF4193C00CD80A4 /* RunsCameraPreviewView.h */ = {isa = PBXFileReference; fileEncoding = 4; lastKnownFileType = sourcecode.c.h; path = RunsCameraPreviewView.h; sourceTree = "<group>"; };
		21B2AE271EF4193C00CD80A4 /* RunsCameraPreviewView.m */ = {isa = PBXFileReference; fileEncoding = 4; lastKnownFileType = sourcecode.c.objc; path = RunsCameraPreviewView.m; sourceTree = "<group>"; };
		21B2AE281EF4193C00CD80A4 /* RunsCameraView.h */ = {isa = PBXFileReference; fileEncoding = 4; lastKnownFileType = sourcecode.c.h; path = RunsCameraView.h; sourceTree = "<group>"; };
		21B2AE291EF4193C00CD80A4 /* RunsCameraView.m */ = {isa = PBXFileReference; fileEncoding = 4; lastKnownFileType = sourcecode.c.objc; path = RunsCameraView.m; sourceTree = "<group>"; };
		21B2AE2A1EF4193C00CD80A4 /* RunsCircleButtonView.h */ = {isa = PBXFileReference; fileEncoding = 4; lastKnownFileType = sourcecode.c.h; path = RunsCircleButtonView.h; sourceTree = "<group>"; };
		21B2AE2B1EF4193C00CD80A4 /* RunsCircleButtonView.m */ = {isa = PBXFileReference; fileEncoding = 4; lastKnownFileType = sourcecode.c.objc; path = RunsCircleButtonView.m; sourceTree = "<group>"; };
		21B2AE2C1EF4193C00CD80A4 /* RunsExpandButton.h */ = {isa = PBXFileReference; fileEncoding = 4; lastKnownFileType = sourcecode.c.h; path = RunsExpandButton.h; sourceTree = "<group>"; };
		21B2AE2D1EF4193C00CD80A4 /* RunsExpandButton.m */ = {isa = PBXFileReference; fileEncoding = 4; lastKnownFileType = sourcecode.c.objc; path = RunsExpandButton.m; sourceTree = "<group>"; };
		21B2AE3A1EF41B6B00CD80A4 /* UIView+Toast.h */ = {isa = PBXFileReference; fileEncoding = 4; lastKnownFileType = sourcecode.c.h; path = "UIView+Toast.h"; sourceTree = "<group>"; };
		21B2AE3B1EF41B6B00CD80A4 /* UIView+Toast.m */ = {isa = PBXFileReference; fileEncoding = 4; lastKnownFileType = sourcecode.c.objc; path = "UIView+Toast.m"; sourceTree = "<group>"; };
/* End PBXFileReference section */

/* Begin PBXFrameworksBuildPhase section */
		21B2ADEE1EF4189700CD80A4 /* Frameworks */ = {
			isa = PBXFrameworksBuildPhase;
			buildActionMask = 2147483647;
			files = (
			);
			runOnlyForDeploymentPostprocessing = 0;
		};
/* End PBXFrameworksBuildPhase section */

/* Begin PBXGroup section */
		21B2ADE81EF4189700CD80A4 = {
			isa = PBXGroup;
			children = (
				21B2ADF31EF4189700CD80A4 /* Camera */,
				21B2ADF21EF4189700CD80A4 /* Products */,
			);
			sourceTree = "<group>";
		};
		21B2ADF21EF4189700CD80A4 /* Products */ = {
			isa = PBXGroup;
			children = (
				21B2ADF11EF4189700CD80A4 /* Camera.app */,
			);
			name = Products;
			sourceTree = "<group>";
		};
		21B2ADF31EF4189700CD80A4 /* Camera */ = {
			isa = PBXGroup;
			children = (
				21B2AE0B1EF4193C00CD80A4 /* RunsCamera */,
				21B2ADF71EF4189700CD80A4 /* AppDelegate.h */,
				21B2ADF81EF4189700CD80A4 /* AppDelegate.m */,
				21B2ADFA1EF4189700CD80A4 /* ViewController.h */,
				21B2ADFB1EF4189700CD80A4 /* ViewController.m */,
				21B2ADFD1EF4189700CD80A4 /* Main.storyboard */,
				21B2AE001EF4189700CD80A4 /* Assets.xcassets */,
				21B2AE021EF4189700CD80A4 /* LaunchScreen.storyboard */,
				21B2AE051EF4189700CD80A4 /* Info.plist */,
				21B2ADF41EF4189700CD80A4 /* Supporting Files */,
			);
			path = Camera;
			sourceTree = "<group>";
		};
		21B2ADF41EF4189700CD80A4 /* Supporting Files */ = {
			isa = PBXGroup;
			children = (
				21B2ADF51EF4189700CD80A4 /* main.m */,
			);
			name = "Supporting Files";
			sourceTree = "<group>";
		};
		21B2AE0B1EF4193C00CD80A4 /* RunsCamera */ = {
			isa = PBXGroup;
			children = (
				21B2AE0C1EF4193C00CD80A4 /* Callback */,
				21B2AE0E1EF4193C00CD80A4 /* Protocol */,
				21B2AE141EF4193C00CD80A4 /* RunsCameraKit.h */,
				21B2AE151EF4193C00CD80A4 /* Util */,
				21B2AE201EF4193C00CD80A4 /* VC */,
				21B2AE251EF4193C00CD80A4 /* View */,
				21B2AE0D1EF4193C00CD80A4 /* camera.xcassets */,
			);
			path = RunsCamera;
			sourceTree = "<group>";
		};
		21B2AE0C1EF4193C00CD80A4 /* Callback */ = {
			isa = PBXGroup;
			children = (
			);
			path = Callback;
			sourceTree = "<group>";
		};
		21B2AE0E1EF4193C00CD80A4 /* Protocol */ = {
			isa = PBXGroup;
			children = (
				21B2AE0F1EF4193C00CD80A4 /* RunsCameraControllerDelegate.h */,
				21B2AE101EF4193C00CD80A4 /* RunsCameraPreviewViewDelegate.h */,
				21B2AE111EF4193C00CD80A4 /* RunsCameraPreviewViewProtocol.h */,
				21B2AE121EF4193C00CD80A4 /* RunsCameraViewDelegate.h */,
				21B2AE131EF4193C00CD80A4 /* RunsCircleButtonViewDelegate.h */,
			);
			path = Protocol;
			sourceTree = "<group>";
		};
		21B2AE151EF4193C00CD80A4 /* Util */ = {
			isa = PBXGroup;
			children = (
				21B2AE3A1EF41B6B00CD80A4 /* UIView+Toast.h */,
				21B2AE3B1EF41B6B00CD80A4 /* UIView+Toast.m */,
				21B2AE161EF4193C00CD80A4 /* AVCaptureDevice+Configure.h */,
				21B2AE171EF4193C00CD80A4 /* AVCaptureDevice+Configure.m */,
				21B2AE181EF4193C00CD80A4 /* AVCaptureSession+Configure.h */,
				21B2AE191EF4193C00CD80A4 /* AVCaptureSession+Configure.m */,
				21B2AE1A1EF4193C00CD80A4 /* RunsCameraManager.h */,
				21B2AE1B1EF4193C00CD80A4 /* RunsCameraManager.m */,
				21B2AE1C1EF4193C00CD80A4 /* UIImage+Configure.h */,
				21B2AE1D1EF4193C00CD80A4 /* UIImage+Configure.m */,
				21B2AE1E1EF4193C00CD80A4 /* ZFProgressView.h */,
				21B2AE1F1EF4193C00CD80A4 /* ZFProgressView.m */,
			);
			path = Util;
			sourceTree = "<group>";
		};
		21B2AE201EF4193C00CD80A4 /* VC */ = {
			isa = PBXGroup;
			children = (
				21B2AE211EF4193C00CD80A4 /* RunsCameraViewController.h */,
				21B2AE221EF4193C00CD80A4 /* RunsCameraViewController.m */,
				21B2AE231EF4193C00CD80A4 /* RunsPreviewViewController.h */,
				21B2AE241EF4193C00CD80A4 /* RunsPreviewViewController.m */,
			);
			path = VC;
			sourceTree = "<group>";
		};
		21B2AE251EF4193C00CD80A4 /* View */ = {
			isa = PBXGroup;
			children = (
				21B2AE261EF4193C00CD80A4 /* RunsCameraPreviewView.h */,
				21B2AE271EF4193C00CD80A4 /* RunsCameraPreviewView.m */,
				21B2AE281EF4193C00CD80A4 /* RunsCameraView.h */,
				21B2AE291EF4193C00CD80A4 /* RunsCameraView.m */,
				21B2AE2A1EF4193C00CD80A4 /* RunsCircleButtonView.h */,
				21B2AE2B1EF4193C00CD80A4 /* RunsCircleButtonView.m */,
				21B2AE2C1EF4193C00CD80A4 /* RunsExpandButton.h */,
				21B2AE2D1EF4193C00CD80A4 /* RunsExpandButton.m */,
			);
			path = View;
			sourceTree = "<group>";
		};
/* End PBXGroup section */

/* Begin PBXNativeTarget section */
		21B2ADF01EF4189700CD80A4 /* Camera */ = {
			isa = PBXNativeTarget;
			buildConfigurationList = 21B2AE081EF4189700CD80A4 /* Build configuration list for PBXNativeTarget "Camera" */;
			buildPhases = (
				21B2ADED1EF4189700CD80A4 /* Sources */,
				21B2ADEE1EF4189700CD80A4 /* Frameworks */,
				21B2ADEF1EF4189700CD80A4 /* Resources */,
			);
			buildRules = (
			);
			dependencies = (
			);
			name = Camera;
			productName = Camera;
			productReference = 21B2ADF11EF4189700CD80A4 /* Camera.app */;
			productType = "com.apple.product-type.application";
		};
/* End PBXNativeTarget section */

/* Begin PBXProject section */
		21B2ADE91EF4189700CD80A4 /* Project object */ = {
			isa = PBXProject;
			attributes = {
				LastUpgradeCheck = 0830;
				ORGANIZATIONNAME = www.dev_wang.com;
				TargetAttributes = {
					21B2ADF01EF4189700CD80A4 = {
						CreatedOnToolsVersion = 8.3.3;
						DevelopmentTeam = TFSRT6S8Q5;
						ProvisioningStyle = Automatic;
					};
				};
			};
			buildConfigurationList = 21B2ADEC1EF4189700CD80A4 /* Build configuration list for PBXProject "Camera" */;
			compatibilityVersion = "Xcode 3.2";
			developmentRegion = English;
			hasScannedForEncodings = 0;
			knownRegions = (
				en,
				Base,
			);
			mainGroup = 21B2ADE81EF4189700CD80A4;
			productRefGroup = 21B2ADF21EF4189700CD80A4 /* Products */;
			projectDirPath = "";
			projectRoot = "";
			targets = (
				21B2ADF01EF4189700CD80A4 /* Camera */,
			);
		};
/* End PBXProject section */

/* Begin PBXResourcesBuildPhase section */
		21B2ADEF1EF4189700CD80A4 /* Resources */ = {
			isa = PBXResourcesBuildPhase;
			buildActionMask = 2147483647;
			files = (
				21B2AE2E1EF4193C00CD80A4 /* camera.xcassets in Resources */,
				21B2AE041EF4189700CD80A4 /* LaunchScreen.storyboard in Resources */,
				21B2AE011EF4189700CD80A4 /* Assets.xcassets in Resources */,
				21B2ADFF1EF4189700CD80A4 /* Main.storyboard in Resources */,
			);
			runOnlyForDeploymentPostprocessing = 0;
		};
/* End PBXResourcesBuildPhase section */

/* Begin PBXSourcesBuildPhase section */
		21B2ADED1EF4189700CD80A4 /* Sources */ = {
			isa = PBXSourcesBuildPhase;
			buildActionMask = 2147483647;
			files = (
				21B2AE381EF4193C00CD80A4 /* RunsCircleButtonView.m in Sources */,
				21B2ADFC1EF4189700CD80A4 /* ViewController.m in Sources */,
				21B2ADF91EF4189700CD80A4 /* AppDelegate.m in Sources */,
				21B2AE3C1EF41B6C00CD80A4 /* UIView+Toast.m in Sources */,
				21B2AE2F1EF4193C00CD80A4 /* AVCaptureDevice+Configure.m in Sources */,
				21B2AE331EF4193C00CD80A4 /* ZFProgressView.m in Sources */,
				21B2ADF61EF4189700CD80A4 /* main.m in Sources */,
				21B2AE341EF4193C00CD80A4 /* RunsCameraViewController.m in Sources */,
				21B2AE311EF4193C00CD80A4 /* RunsCameraManager.m in Sources */,
				21B2AE351EF4193C00CD80A4 /* RunsPreviewViewController.m in Sources */,
				21B2AE361EF4193C00CD80A4 /* RunsCameraPreviewView.m in Sources */,
				21B2AE321EF4193C00CD80A4 /* UIImage+Configure.m in Sources */,
				21B2AE301EF4193C00CD80A4 /* AVCaptureSession+Configure.m in Sources */,
				21B2AE371EF4193C00CD80A4 /* RunsCameraView.m in Sources */,
				21B2AE391EF4193C00CD80A4 /* RunsExpandButton.m in Sources */,
			);
			runOnlyForDeploymentPostprocessing = 0;
		};
/* End PBXSourcesBuildPhase section */

/* Begin PBXVariantGroup section */
		21B2ADFD1EF4189700CD80A4 /* Main.storyboard */ = {
			isa = PBXVariantGroup;
			children = (
				21B2ADFE1EF4189700CD80A4 /* Base */,
			);
			name = Main.storyboard;
			sourceTree = "<group>";
		};
		21B2AE021EF4189700CD80A4 /* LaunchScreen.storyboard */ = {
			isa = PBXVariantGroup;
			children = (
				21B2AE031EF4189700CD80A4 /* Base */,
			);
			name = LaunchScreen.storyboard;
			sourceTree = "<group>";
		};
/* End PBXVariantGroup section */

/* Begin XCBuildConfiguration section */
		21B2AE061EF4189700CD80A4 /* Debug */ = {
			isa = XCBuildConfiguration;
			buildSettings = {
				ALWAYS_SEARCH_USER_PATHS = NO;
				CLANG_ANALYZER_NONNULL = YES;
				CLANG_ANALYZER_NUMBER_OBJECT_CONVERSION = YES_AGGRESSIVE;
				CLANG_CXX_LANGUAGE_STANDARD = "gnu++0x";
				CLANG_CXX_LIBRARY = "libc++";
				CLANG_ENABLE_MODULES = YES;
				CLANG_ENABLE_OBJC_ARC = YES;
				CLANG_WARN_BOOL_CONVERSION = YES;
				CLANG_WARN_CONSTANT_CONVERSION = YES;
				CLANG_WARN_DIRECT_OBJC_ISA_USAGE = YES_ERROR;
				CLANG_WARN_DOCUMENTATION_COMMENTS = YES;
				CLANG_WARN_EMPTY_BODY = YES;
				CLANG_WARN_ENUM_CONVERSION = YES;
				CLANG_WARN_INFINITE_RECURSION = YES;
				CLANG_WARN_INT_CONVERSION = YES;
				CLANG_WARN_OBJC_ROOT_CLASS = YES_ERROR;
				CLANG_WARN_SUSPICIOUS_MOVE = YES;
				CLANG_WARN_UNREACHABLE_CODE = YES;
				CLANG_WARN__DUPLICATE_METHOD_MATCH = YES;
				"CODE_SIGN_IDENTITY[sdk=iphoneos*]" = "iPhone Developer";
				COPY_PHASE_STRIP = NO;
				DEBUG_INFORMATION_FORMAT = dwarf;
				ENABLE_STRICT_OBJC_MSGSEND = YES;
				ENABLE_TESTABILITY = YES;
				GCC_C_LANGUAGE_STANDARD = gnu99;
				GCC_DYNAMIC_NO_PIC = NO;
				GCC_NO_COMMON_BLOCKS = YES;
				GCC_OPTIMIZATION_LEVEL = 0;
				GCC_PREPROCESSOR_DEFINITIONS = (
					"DEBUG=1",
					"$(inherited)",
				);
				GCC_WARN_64_TO_32_BIT_CONVERSION = YES;
				GCC_WARN_ABOUT_RETURN_TYPE = YES_ERROR;
				GCC_WARN_UNDECLARED_SELECTOR = YES;
				GCC_WARN_UNINITIALIZED_AUTOS = YES_AGGRESSIVE;
				GCC_WARN_UNUSED_FUNCTION = YES;
				GCC_WARN_UNUSED_VARIABLE = YES;
				IPHONEOS_DEPLOYMENT_TARGET = 8.0;
				MTL_ENABLE_DEBUG_INFO = YES;
				ONLY_ACTIVE_ARCH = YES;
				SDKROOT = iphoneos;
				TARGETED_DEVICE_FAMILY = "1,2";
			};
			name = Debug;
		};
		21B2AE071EF4189700CD80A4 /* Release */ = {
			isa = XCBuildConfiguration;
			buildSettings = {
				ALWAYS_SEARCH_USER_PATHS = NO;
				CLANG_ANALYZER_NONNULL = YES;
				CLANG_ANALYZER_NUMBER_OBJECT_CONVERSION = YES_AGGRESSIVE;
				CLANG_CXX_LANGUAGE_STANDARD = "gnu++0x";
				CLANG_CXX_LIBRARY = "libc++";
				CLANG_ENABLE_MODULES = YES;
				CLANG_ENABLE_OBJC_ARC = YES;
				CLANG_WARN_BOOL_CONVERSION = YES;
				CLANG_WARN_CONSTANT_CONVERSION = YES;
				CLANG_WARN_DIRECT_OBJC_ISA_USAGE = YES_ERROR;
				CLANG_WARN_DOCUMENTATION_COMMENTS = YES;
				CLANG_WARN_EMPTY_BODY = YES;
				CLANG_WARN_ENUM_CONVERSION = YES;
				CLANG_WARN_INFINITE_RECURSION = YES;
				CLANG_WARN_INT_CONVERSION = YES;
				CLANG_WARN_OBJC_ROOT_CLASS = YES_ERROR;
				CLANG_WARN_SUSPICIOUS_MOVE = YES;
				CLANG_WARN_UNREACHABLE_CODE = YES;
				CLANG_WARN__DUPLICATE_METHOD_MATCH = YES;
				"CODE_SIGN_IDENTITY[sdk=iphoneos*]" = "iPhone Developer";
				COPY_PHASE_STRIP = NO;
				DEBUG_INFORMATION_FORMAT = "dwarf-with-dsym";
				ENABLE_NS_ASSERTIONS = NO;
				ENABLE_STRICT_OBJC_MSGSEND = YES;
				GCC_C_LANGUAGE_STANDARD = gnu99;
				GCC_NO_COMMON_BLOCKS = YES;
				GCC_WARN_64_TO_32_BIT_CONVERSION = YES;
				GCC_WARN_ABOUT_RETURN_TYPE = YES_ERROR;
				GCC_WARN_UNDECLARED_SELECTOR = YES;
				GCC_WARN_UNINITIALIZED_AUTOS = YES_AGGRESSIVE;
				GCC_WARN_UNUSED_FUNCTION = YES;
				GCC_WARN_UNUSED_VARIABLE = YES;
				IPHONEOS_DEPLOYMENT_TARGET = 8.0;
				MTL_ENABLE_DEBUG_INFO = NO;
				SDKROOT = iphoneos;
				TARGETED_DEVICE_FAMILY = "1,2";
				VALIDATE_PRODUCT = YES;
			};
			name = Release;
		};
		21B2AE091EF4189700CD80A4 /* Debug */ = {
			isa = XCBuildConfiguration;
			buildSettings = {
				ASSETCATALOG_COMPILER_APPICON_NAME = AppIcon;
				DEVELOPMENT_TEAM = TFSRT6S8Q5;
				INFOPLIST_FILE = Camera/Info.plist;
				LD_RUNPATH_SEARCH_PATHS = "$(inherited) @executable_path/Frameworks";
				PRODUCT_BUNDLE_IDENTIFIER = com.wanglink.Camera;
				PRODUCT_NAME = "$(TARGET_NAME)";
			};
			name = Debug;
		};
		21B2AE0A1EF4189700CD80A4 /* Release */ = {
			isa = XCBuildConfiguration;
			buildSettings = {
				ASSETCATALOG_COMPILER_APPICON_NAME = AppIcon;
				DEVELOPMENT_TEAM = TFSRT6S8Q5;
				INFOPLIST_FILE = Camera/Info.plist;
				LD_RUNPATH_SEARCH_PATHS = "$(inherited) @executable_path/Frameworks";
				PRODUCT_BUNDLE_IDENTIFIER = com.wanglink.Camera;
				PRODUCT_NAME = "$(TARGET_NAME)";
			};
			name = Release;
		};
/* End XCBuildConfiguration section */

/* Begin XCConfigurationList section */
		21B2ADEC1EF4189700CD80A4 /* Build configuration list for PBXProject "Camera" */ = {
			isa = XCConfigurationList;
			buildConfigurations = (
				21B2AE061EF4189700CD80A4 /* Debug */,
				21B2AE071EF4189700CD80A4 /* Release */,
			);
			defaultConfigurationIsVisible = 0;
			defaultConfigurationName = Release;
		};
		21B2AE081EF4189700CD80A4 /* Build configuration list for PBXNativeTarget "Camera" */ = {
			isa = XCConfigurationList;
			buildConfigurations = (
				21B2AE091EF4189700CD80A4 /* Debug */,
				21B2AE0A1EF4189700CD80A4 /* Release */,
			);
			defaultConfigurationIsVisible = 0;
		};
/* End XCConfigurationList section */
	};
	rootObject = 21B2ADE91EF4189700CD80A4 /* Project object */;
}
